Microsoft Visual Studio Solution File, Format Version 9.00
# Visual Studio 2005
Project("{8BC9CEB8-8B4A-11D0-8D11-00A0C91BC942}") = "ALL_BUILD", "ALL_BUILD.vcproj", "{110BFBAE-4C42-4032-8D93-1B14FF31FF68}"
	ProjectSection(ProjectDependencies) = postProject
		{8896ACBD-96CD-4D5D-BE26-ECC1E367FFA5} = {8896ACBD-96CD-4D5D-BE26-ECC1E367FFA5}
		{8727941E-690F-43AB-8EAA-1D0ACF9EB4A8} = {8727941E-690F-43AB-8EAA-1D0ACF9EB4A8}
		{4E5C39F9-F64E-4C88-8AA9-EE37A8314941} = {4E5C39F9-F64E-4C88-8AA9-EE37A8314941}
		{772C732D-E0EF-4857-889C-8EB9F70F6CD9} = {772C732D-E0EF-4857-889C-8EB9F70F6CD9}
		{EFAB4B42-CA85-4EBD-9C28-B8E247C26F27} = {EFAB4B42-CA85-4EBD-9C28-B8E247C26F27}
		{9F3C32C3-8C52-4F08-BE95-DC27097F4DCC} = {9F3C32C3-8C52-4F08-BE95-DC27097F4DCC}
		{4F009DBF-95BC-4F39-A6F6-8CC01128C8AB} = {4F009DBF-95BC-4F39-A6F6-8CC01128C8AB}
		{30E547CC-A68A-4A72-8FE8-04ACF093DF07} = {30E547CC-A68A-4A72-8FE8-04ACF093DF07}
		{7FF530FF-B78A-4426-A836-967179298B4C} = {7FF530FF-B78A-4426-A836-967179298B4C}
		{F6C8873A-E7DC-4423-8BB9-5DF6A3FB99DF} = {F6C8873A-E7DC-4423-8BB9-5DF6A3FB99DF}
		{BBC79727-A31A-43C9-8732-9E7F55DA380A} = {BBC79727-A31A-43C9-8732-9E7F55DA380A}
		{014E7007-B7DF-4FE8-BE10-286444C50EEB} = {014E7007-B7DF-4FE8-BE10-286444C50EEB}
		{4ECEF58C-A452-4FE2-8E61-2E347A18E0D3} = {4ECEF58C-A452-4FE2-8E61-2E347A18E0D3}
		{7C1CBFCF-4ED3-47F0-B747-F08B4184CF21} = {7C1CBFCF-4ED3-47F0-B747-F08B4184CF21}
		{94677CCE-B685-4DC1-8723-6755C4E4D10D} = {94677CCE-B685-4DC1-8723-6755C4E4D10D}
		{AD9F30E5-CF57-4E1A-938F-3FBFABD1398C} = {AD9F30E5-CF57-4E1A-938F-3FBFABD1398C}
		{7C6C801A-73B1-404E-8A18-7F908560B9B9} = {7C6C801A-73B1-404E-8A18-7F908560B9B9}
		{DCDC534C-0E35-42CE-B6F1-8DF46B4FA63A} = {DCDC534C-0E35-42CE-B6F1-8DF46B4FA63A}
		{AD032A62-D377-4C9F-B7B6-ED49ACCA2CA1} = {AD032A62-D377-4C9F-B7B6-ED49ACCA2CA1}
		{21BA506D-C77F-4262-8D0E-77F93424943C} = {21BA506D-C77F-4262-8D0E-77F93424943C}
		{F6A54DF0-F909-414F-95F8-28A52E4D1D44} = {F6A54DF0-F909-414F-95F8-28A52E4D1D44}
		{9E37E646-6C30-4FE0-8D9A-4AB7125B8A27} = {9E37E646-6C30-4FE0-8D9A-4AB7125B8A27}
		{ABEFD3AC-A27F-4509-8B10-D257DC7B55A9} = {ABEFD3AC-A27F-4509-8B10-D257DC7B55A9}
		{96DD06C0-E295-45DE-BD2C-2D5C18572845} = {96DD06C0-E295-45DE-BD2C-2D5C18572845}
		{7237FB63-C749-4CD2-B071-45D89A070040} = {7237FB63-C749-4CD2-B071-45D89A070040}
		{CD0960B3-9D31-44DC-8081-BC90172D7A70} = {CD0960B3-9D31-44DC-8081-BC90172D7A70}
	EndProjectSection
EndProject
Project("{8BC9CEB8-8B4A-11D0-8D11-00A0C91BC942}") = "ZERO_CHECK", "ZERO_CHECK.vcproj", "{8896ACBD-96CD-4D5D-BE26-ECC1E367FFA5}"
	ProjectSection(ProjectDependencies) = postProject
	EndProjectSection
EndProject
Project("{8BC9CEB8-8B4A-11D0-8D11-00A0C91BC942}") = "buffer", "buffer.vcproj", "{8727941E-690F-43AB-8EAA-1D0ACF9EB4A8}"
	ProjectSection(ProjectDependencies) = postProject
		{8896ACBD-96CD-4D5D-BE26-ECC1E367FFA5} = {8896ACBD-96CD-4D5D-BE26-ECC1E367FFA5}
	EndProjectSection
EndProject
Project("{8BC9CEB8-8B4A-11D0-8D11-00A0C91BC942}") = "cases", "cases.vcproj", "{4E5C39F9-F64E-4C88-8AA9-EE37A8314941}"
	ProjectSection(ProjectDependencies) = postProject
		{8896ACBD-96CD-4D5D-BE26-ECC1E367FFA5} = {8896ACBD-96CD-4D5D-BE26-ECC1E367FFA5}
	EndProjectSection
EndProject
Project("{8BC9CEB8-8B4A-11D0-8D11-00A0C91BC942}") = "convert", "convert.vcproj", "{772C732D-E0EF-4857-889C-8EB9F70F6CD9}"
	ProjectSection(ProjectDependencies) = postProject
		{8896ACBD-96CD-4D5D-BE26-ECC1E367FFA5} = {8896ACBD-96CD-4D5D-BE26-ECC1E367FFA5}
	EndProjectSection
EndProject
Project("{8BC9CEB8-8B4A-11D0-8D11-00A0C91BC942}") = "fixint", "fixint.vcproj", "{EFAB4B42-CA85-4EBD-9C28-B8E247C26F27}"
	ProjectSection(ProjectDependencies) = postProject
		{8896ACBD-96CD-4D5D-BE26-ECC1E367FFA5} = {8896ACBD-96CD-4D5D-BE26-ECC1E367FFA5}
	EndProjectSection
EndProject
Project("{8BC9CEB8-8B4A-11D0-8D11-00A0C91BC942}") = "fixint_c", "fixint_c.vcproj", "{9F3C32C3-8C52-4F08-BE95-DC27097F4DCC}"
	ProjectSection(ProjectDependencies) = postProject
		{8896ACBD-96CD-4D5D-BE26-ECC1E367FFA5} = {8896ACBD-96CD-4D5D-BE26-ECC1E367FFA5}
	EndProjectSection
EndProject
Project("{8BC9CEB8-8B4A-11D0-8D11-00A0C91BC942}") = "json", "json.vcproj", "{4F009DBF-95BC-4F39-A6F6-8CC01128C8AB}"
	ProjectSection(ProjectDependencies) = postProject
		{8896ACBD-96CD-4D5D-BE26-ECC1E367FFA5} = {8896ACBD-96CD-4D5D-BE26-ECC1E367FFA5}
	EndProjectSection
EndProject
Project("{8BC9CEB8-8B4A-11D0-8D11-00A0C91BC942}") = "limit", "limit.vcproj", "{30E547CC-A68A-4A72-8FE8-04ACF093DF07}"
	ProjectSection(ProjectDependencies) = postProject
		{8896ACBD-96CD-4D5D-BE26-ECC1E367FFA5} = {8896ACBD-96CD-4D5D-BE26-ECC1E367FFA5}
	EndProjectSection
EndProject
Project("{8BC9CEB8-8B4A-11D0-8D11-00A0C91BC942}") = "msgpack_basic", "msgpack_basic.vcproj", "{7FF530FF-B78A-4426-A836-967179298B4C}"
	ProjectSection(ProjectDependencies) = postProject
		{8896ACBD-96CD-4D5D-BE26-ECC1E367FFA5} = {8896ACBD-96CD-4D5D-BE26-ECC1E367FFA5}
	EndProjectSection
EndProject
Project("{8BC9CEB8-8B4A-11D0-8D11-00A0C91BC942}") = "msgpack_c", "msgpack_c.vcproj", "{F6C8873A-E7DC-4423-8BB9-5DF6A3FB99DF}"
	ProjectSection(ProjectDependencies) = postProject
		{8896ACBD-96CD-4D5D-BE26-ECC1E367FFA5} = {8896ACBD-96CD-4D5D-BE26-ECC1E367FFA5}
	EndProjectSection
EndProject
Project("{8BC9CEB8-8B4A-11D0-8D11-00A0C91BC942}") = "msgpack_container", "msgpack_container.vcproj", "{BBC79727-A31A-43C9-8732-9E7F55DA380A}"
	ProjectSection(ProjectDependencies) = postProject
		{8896ACBD-96CD-4D5D-BE26-ECC1E367FFA5} = {8896ACBD-96CD-4D5D-BE26-ECC1E367FFA5}
	EndProjectSection
EndProject
Project("{8BC9CEB8-8B4A-11D0-8D11-00A0C91BC942}") = "msgpack_stream", "msgpack_stream.vcproj", "{014E7007-B7DF-4FE8-BE10-286444C50EEB}"
	ProjectSection(ProjectDependencies) = postProject
		{8896ACBD-96CD-4D5D-BE26-ECC1E367FFA5} = {8896ACBD-96CD-4D5D-BE26-ECC1E367FFA5}
	EndProjectSection
EndProject
Project("{8BC9CEB8-8B4A-11D0-8D11-00A0C91BC942}") = "msgpack_tuple", "msgpack_tuple.vcproj", "{4ECEF58C-A452-4FE2-8E61-2E347A18E0D3}"
	ProjectSection(ProjectDependencies) = postProject
		{8896ACBD-96CD-4D5D-BE26-ECC1E367FFA5} = {8896ACBD-96CD-4D5D-BE26-ECC1E367FFA5}
	EndProjectSection
EndProject
Project("{8BC9CEB8-8B4A-11D0-8D11-00A0C91BC942}") = "msgpack_vref", "msgpack_vref.vcproj", "{7C1CBFCF-4ED3-47F0-B747-F08B4184CF21}"
	ProjectSection(ProjectDependencies) = postProject
		{8896ACBD-96CD-4D5D-BE26-ECC1E367FFA5} = {8896ACBD-96CD-4D5D-BE26-ECC1E367FFA5}
	EndProjectSection
EndProject
Project("{8BC9CEB8-8B4A-11D0-8D11-00A0C91BC942}") = "multi_file", "multi_file.vcproj", "{94677CCE-B685-4DC1-8723-6755C4E4D10D}"
	ProjectSection(ProjectDependencies) = postProject
		{8896ACBD-96CD-4D5D-BE26-ECC1E367FFA5} = {8896ACBD-96CD-4D5D-BE26-ECC1E367FFA5}
	EndProjectSection
EndProject
Project("{8BC9CEB8-8B4A-11D0-8D11-00A0C91BC942}") = "object", "object.vcproj", "{AD9F30E5-CF57-4E1A-938F-3FBFABD1398C}"
	ProjectSection(ProjectDependencies) = postProject
		{8896ACBD-96CD-4D5D-BE26-ECC1E367FFA5} = {8896ACBD-96CD-4D5D-BE26-ECC1E367FFA5}
	EndProjectSection
EndProject
Project("{8BC9CEB8-8B4A-11D0-8D11-00A0C91BC942}") = "object_with_zone", "object_with_zone.vcproj", "{7C6C801A-73B1-404E-8A18-7F908560B9B9}"
	ProjectSection(ProjectDependencies) = postProject
		{8896ACBD-96CD-4D5D-BE26-ECC1E367FFA5} = {8896ACBD-96CD-4D5D-BE26-ECC1E367FFA5}
	EndProjectSection
EndProject
Project("{8BC9CEB8-8B4A-11D0-8D11-00A0C91BC942}") = "pack_unpack", "pack_unpack.vcproj", "{DCDC534C-0E35-42CE-B6F1-8DF46B4FA63A}"
	ProjectSection(ProjectDependencies) = postProject
		{8896ACBD-96CD-4D5D-BE26-ECC1E367FFA5} = {8896ACBD-96CD-4D5D-BE26-ECC1E367FFA5}
	EndProjectSection
EndProject
Project("{8BC9CEB8-8B4A-11D0-8D11-00A0C91BC942}") = "pack_unpack_c", "pack_unpack_c.vcproj", "{AD032A62-D377-4C9F-B7B6-ED49ACCA2CA1}"
	ProjectSection(ProjectDependencies) = postProject
		{8896ACBD-96CD-4D5D-BE26-ECC1E367FFA5} = {8896ACBD-96CD-4D5D-BE26-ECC1E367FFA5}
	EndProjectSection
EndProject
Project("{8BC9CEB8-8B4A-11D0-8D11-00A0C91BC942}") = "raw", "raw.vcproj", "{21BA506D-C77F-4262-8D0E-77F93424943C}"
	ProjectSection(ProjectDependencies) = postProject
		{8896ACBD-96CD-4D5D-BE26-ECC1E367FFA5} = {8896ACBD-96CD-4D5D-BE26-ECC1E367FFA5}
	EndProjectSection
EndProject
Project("{8BC9CEB8-8B4A-11D0-8D11-00A0C91BC942}") = "reference", "reference.vcproj", "{F6A54DF0-F909-414F-95F8-28A52E4D1D44}"
	ProjectSection(ProjectDependencies) = postProject
		{8896ACBD-96CD-4D5D-BE26-ECC1E367FFA5} = {8896ACBD-96CD-4D5D-BE26-ECC1E367FFA5}
	EndProjectSection
EndProject
Project("{8BC9CEB8-8B4A-11D0-8D11-00A0C91BC942}") = "streaming", "streaming.vcproj", "{9E37E646-6C30-4FE0-8D9A-4AB7125B8A27}"
	ProjectSection(ProjectDependencies) = postProject
		{8896ACBD-96CD-4D5D-BE26-ECC1E367FFA5} = {8896ACBD-96CD-4D5D-BE26-ECC1E367FFA5}
	EndProjectSection
EndProject
Project("{8BC9CEB8-8B4A-11D0-8D11-00A0C91BC942}") = "streaming_c", "streaming_c.vcproj", "{ABEFD3AC-A27F-4509-8B10-D257DC7B55A9}"
	ProjectSection(ProjectDependencies) = postProject
		{8896ACBD-96CD-4D5D-BE26-ECC1E367FFA5} = {8896ACBD-96CD-4D5D-BE26-ECC1E367FFA5}
	EndProjectSection
EndProject
Project("{8BC9CEB8-8B4A-11D0-8D11-00A0C91BC942}") = "user_class", "user_class.vcproj", "{96DD06C0-E295-45DE-BD2C-2D5C18572845}"
	ProjectSection(ProjectDependencies) = postProject
		{8896ACBD-96CD-4D5D-BE26-ECC1E367FFA5} = {8896ACBD-96CD-4D5D-BE26-ECC1E367FFA5}
	EndProjectSection
EndProject
Project("{8BC9CEB8-8B4A-11D0-8D11-00A0C91BC942}") = "version", "version.vcproj", "{7237FB63-C749-4CD2-B071-45D89A070040}"
	ProjectSection(ProjectDependencies) = postProject
		{8896ACBD-96CD-4D5D-BE26-ECC1E367FFA5} = {8896ACBD-96CD-4D5D-BE26-ECC1E367FFA5}
	EndProjectSection
EndProject
Project("{8BC9CEB8-8B4A-11D0-8D11-00A0C91BC942}") = "zone", "zone.vcproj", "{CD0960B3-9D31-44DC-8081-BC90172D7A70}"
	ProjectSection(ProjectDependencies) = postProject
		{8896ACBD-96CD-4D5D-BE26-ECC1E367FFA5} = {8896ACBD-96CD-4D5D-BE26-ECC1E367FFA5}
	EndProjectSection
EndProject
Global
	GlobalSection(SolutionConfigurationPlatforms) = preSolution
		Debug|Win32 = Debug|Win32
		Release|Win32 = Release|Win32
		MinSizeRel|Win32 = MinSizeRel|Win32
		RelWithDebInfo|Win32 = RelWithDebInfo|Win32
	EndGlobalSection
	GlobalSection(ProjectConfigurationPlatforms) = postSolution
		{110BFBAE-4C42-4032-8D93-1B14FF31FF68}.Debug|Win32.ActiveCfg = Debug|Win32
		{110BFBAE-4C42-4032-8D93-1B14FF31FF68}.Release|Win32.ActiveCfg = Release|Win32
		{110BFBAE-4C42-4032-8D93-1B14FF31FF68}.MinSizeRel|Win32.ActiveCfg = MinSizeRel|Win32
		{110BFBAE-4C42-4032-8D93-1B14FF31FF68}.RelWithDebInfo|Win32.ActiveCfg = RelWithDebInfo|Win32
		{8896ACBD-96CD-4D5D-BE26-ECC1E367FFA5}.Debug|Win32.ActiveCfg = Debug|Win32
		{8896ACBD-96CD-4D5D-BE26-ECC1E367FFA5}.Debug|Win32.Build.0 = Debug|Win32
		{8896ACBD-96CD-4D5D-BE26-ECC1E367FFA5}.Release|Win32.ActiveCfg = Release|Win32
		{8896ACBD-96CD-4D5D-BE26-ECC1E367FFA5}.Release|Win32.Build.0 = Release|Win32
		{8896ACBD-96CD-4D5D-BE26-ECC1E367FFA5}.MinSizeRel|Win32.ActiveCfg = MinSizeRel|Win32
		{8896ACBD-96CD-4D5D-BE26-ECC1E367FFA5}.MinSizeRel|Win32.Build.0 = MinSizeRel|Win32
		{8896ACBD-96CD-4D5D-BE26-ECC1E367FFA5}.RelWithDebInfo|Win32.ActiveCfg = RelWithDebInfo|Win32
		{8896ACBD-96CD-4D5D-BE26-ECC1E367FFA5}.RelWithDebInfo|Win32.Build.0 = RelWithDebInfo|Win32
		{8727941E-690F-43AB-8EAA-1D0ACF9EB4A8}.Debug|Win32.ActiveCfg = Debug|Win32
		{8727941E-690F-43AB-8EAA-1D0ACF9EB4A8}.Debug|Win32.Build.0 = Debug|Win32
		{8727941E-690F-43AB-8EAA-1D0ACF9EB4A8}.Release|Win32.ActiveCfg = Release|Win32
		{8727941E-690F-43AB-8EAA-1D0ACF9EB4A8}.Release|Win32.Build.0 = Release|Win32
		{8727941E-690F-43AB-8EAA-1D0ACF9EB4A8}.MinSizeRel|Win32.ActiveCfg = MinSizeRel|Win32
		{8727941E-690F-43AB-8EAA-1D0ACF9EB4A8}.MinSizeRel|Win32.Build.0 = MinSizeRel|Win32
		{8727941E-690F-43AB-8EAA-1D0ACF9EB4A8}.RelWithDebInfo|Win32.ActiveCfg = RelWithDebInfo|Win32
		{8727941E-690F-43AB-8EAA-1D0ACF9EB4A8}.RelWithDebInfo|Win32.Build.0 = RelWithDebInfo|Win32
		{4E5C39F9-F64E-4C88-8AA9-EE37A8314941}.Debug|Win32.ActiveCfg = Debug|Win32
		{4E5C39F9-F64E-4C88-8AA9-EE37A8314941}.Debug|Win32.Build.0 = Debug|Win32
		{4E5C39F9-F64E-4C88-8AA9-EE37A8314941}.Release|Win32.ActiveCfg = Release|Win32
		{4E5C39F9-F64E-4C88-8AA9-EE37A8314941}.Release|Win32.Build.0 = Release|Win32
		{4E5C39F9-F64E-4C88-8AA9-EE37A8314941}.MinSizeRel|Win32.ActiveCfg = MinSizeRel|Win32
		{4E5C39F9-F64E-4C88-8AA9-EE37A8314941}.MinSizeRel|Win32.Build.0 = MinSizeRel|Win32
		{4E5C39F9-F64E-4C88-8AA9-EE37A8314941}.RelWithDebInfo|Win32.ActiveCfg = RelWithDebInfo|Win32
		{4E5C39F9-F64E-4C88-8AA9-EE37A8314941}.RelWithDebInfo|Win32.Build.0 = RelWithDebInfo|Win32
		{772C732D-E0EF-4857-889C-8EB9F70F6CD9}.Debug|Win32.ActiveCfg = Debug|Win32
		{772C732D-E0EF-4857-889C-8EB9F70F6CD9}.Debug|Win32.Build.0 = Debug|Win32
		{772C732D-E0EF-4857-889C-8EB9F70F6CD9}.Release|Win32.ActiveCfg = Release|Win32
		{772C732D-E0EF-4857-889C-8EB9F70F6CD9}.Release|Win32.Build.0 = Release|Win32
		{772C732D-E0EF-4857-889C-8EB9F70F6CD9}.MinSizeRel|Win32.ActiveCfg = MinSizeRel|Win32
		{772C732D-E0EF-4857-889C-8EB9F70F6CD9}.MinSizeRel|Win32.Build.0 = MinSizeRel|Win32
		{772C732D-E0EF-4857-889C-8EB9F70F6CD9}.RelWithDebInfo|Win32.ActiveCfg = RelWithDebInfo|Win32
		{772C732D-E0EF-4857-889C-8EB9F70F6CD9}.RelWithDebInfo|Win32.Build.0 = RelWithDebInfo|Win32
		{EFAB4B42-CA85-4EBD-9C28-B8E247C26F27}.Debug|Win32.ActiveCfg = Debug|Win32
		{EFAB4B42-CA85-4EBD-9C28-B8E247C26F27}.Debug|Win32.Build.0 = Debug|Win32
		{EFAB4B42-CA85-4EBD-9C28-B8E247C26F27}.Release|Win32.ActiveCfg = Release|Win32
		{EFAB4B42-CA85-4EBD-9C28-B8E247C26F27}.Release|Win32.Build.0 = Release|Win32
		{EFAB4B42-CA85-4EBD-9C28-B8E247C26F27}.MinSizeRel|Win32.ActiveCfg = MinSizeRel|Win32
		{EFAB4B42-CA85-4EBD-9C28-B8E247C26F27}.MinSizeRel|Win32.Build.0 = MinSizeRel|Win32
		{EFAB4B42-CA85-4EBD-9C28-B8E247C26F27}.RelWithDebInfo|Win32.ActiveCfg = RelWithDebInfo|Win32
		{EFAB4B42-CA85-4EBD-9C28-B8E247C26F27}.RelWithDebInfo|Win32.Build.0 = RelWithDebInfo|Win32
		{9F3C32C3-8C52-4F08-BE95-DC27097F4DCC}.Debug|Win32.ActiveCfg = Debug|Win32
		{9F3C32C3-8C52-4F08-BE95-DC27097F4DCC}.Debug|Win32.Build.0 = Debug|Win32
		{9F3C32C3-8C52-4F08-BE95-DC27097F4DCC}.Release|Win32.ActiveCfg = Release|Win32
		{9F3C32C3-8C52-4F08-BE95-DC27097F4DCC}.Release|Win32.Build.0 = Release|Win32
		{9F3C32C3-8C52-4F08-BE95-DC27097F4DCC}.MinSizeRel|Win32.ActiveCfg = MinSizeRel|Win32
		{9F3C32C3-8C52-4F08-BE95-DC27097F4DCC}.MinSizeRel|Win32.Build.0 = MinSizeRel|Win32
		{9F3C32C3-8C52-4F08-BE95-DC27097F4DCC}.RelWithDebInfo|Win32.ActiveCfg = RelWithDebInfo|Win32
		{9F3C32C3-8C52-4F08-BE95-DC27097F4DCC}.RelWithDebInfo|Win32.Build.0 = RelWithDebInfo|Win32
		{4F009DBF-95BC-4F39-A6F6-8CC01128C8AB}.Debug|Win32.ActiveCfg = Debug|Win32
		{4F009DBF-95BC-4F39-A6F6-8CC01128C8AB}.Debug|Win32.Build.0 = Debug|Win32
		{4F009DBF-95BC-4F39-A6F6-8CC01128C8AB}.Release|Win32.ActiveCfg = Release|Win32
		{4F009DBF-95BC-4F39-A6F6-8CC01128C8AB}.Release|Win32.Build.0 = Release|Win32
		{4F009DBF-95BC-4F39-A6F6-8CC01128C8AB}.MinSizeRel|Win32.ActiveCfg = MinSizeRel|Win32
		{4F009DBF-95BC-4F39-A6F6-8CC01128C8AB}.MinSizeRel|Win32.Build.0 = MinSizeRel|Win32
		{4F009DBF-95BC-4F39-A6F6-8CC01128C8AB}.RelWithDebInfo|Win32.ActiveCfg = RelWithDebInfo|Win32
		{4F009DBF-95BC-4F39-A6F6-8CC01128C8AB}.RelWithDebInfo|Win32.Build.0 = RelWithDebInfo|Win32
		{30E547CC-A68A-4A72-8FE8-04ACF093DF07}.Debug|Win32.ActiveCfg = Debug|Win32
		{30E547CC-A68A-4A72-8FE8-04ACF093DF07}.Debug|Win32.Build.0 = Debug|Win32
		{30E547CC-A68A-4A72-8FE8-04ACF093DF07}.Release|Win32.ActiveCfg = Release|Win32
		{30E547CC-A68A-4A72-8FE8-04ACF093DF07}.Release|Win32.Build.0 = Release|Win32
		{30E547CC-A68A-4A72-8FE8-04ACF093DF07}.MinSizeRel|Win32.ActiveCfg = MinSizeRel|Win32
		{30E547CC-A68A-4A72-8FE8-04ACF093DF07}.MinSizeRel|Win32.Build.0 = MinSizeRel|Win32
		{30E547CC-A68A-4A72-8FE8-04ACF093DF07}.RelWithDebInfo|Win32.ActiveCfg = RelWithDebInfo|Win32
		{30E547CC-A68A-4A72-8FE8-04ACF093DF07}.RelWithDebInfo|Win32.Build.0 = RelWithDebInfo|Win32
		{7FF530FF-B78A-4426-A836-967179298B4C}.Debug|Win32.ActiveCfg = Debug|Win32
		{7FF530FF-B78A-4426-A836-967179298B4C}.Debug|Win32.Build.0 = Debug|Win32
		{7FF530FF-B78A-4426-A836-967179298B4C}.Release|Win32.ActiveCfg = Release|Win32
		{7FF530FF-B78A-4426-A836-967179298B4C}.Release|Win32.Build.0 = Release|Win32
		{7FF530FF-B78A-4426-A836-967179298B4C}.MinSizeRel|Win32.ActiveCfg = MinSizeRel|Win32
		{7FF530FF-B78A-4426-A836-967179298B4C}.MinSizeRel|Win32.Build.0 = MinSizeRel|Win32
		{7FF530FF-B78A-4426-A836-967179298B4C}.RelWithDebInfo|Win32.ActiveCfg = RelWithDebInfo|Win32
		{7FF530FF-B78A-4426-A836-967179298B4C}.RelWithDebInfo|Win32.Build.0 = RelWithDebInfo|Win32
		{F6C8873A-E7DC-4423-8BB9-5DF6A3FB99DF}.Debug|Win32.ActiveCfg = Debug|Win32
		{F6C8873A-E7DC-4423-8BB9-5DF6A3FB99DF}.Debug|Win32.Build.0 = Debug|Win32
		{F6C8873A-E7DC-4423-8BB9-5DF6A3FB99DF}.Release|Win32.ActiveCfg = Release|Win32
		{F6C8873A-E7DC-4423-8BB9-5DF6A3FB99DF}.Release|Win32.Build.0 = Release|Win32
		{F6C8873A-E7DC-4423-8BB9-5DF6A3FB99DF}.MinSizeRel|Win32.ActiveCfg = MinSizeRel|Win32
		{F6C8873A-E7DC-4423-8BB9-5DF6A3FB99DF}.MinSizeRel|Win32.Build.0 = MinSizeRel|Win32
		{F6C8873A-E7DC-4423-8BB9-5DF6A3FB99DF}.RelWithDebInfo|Win32.ActiveCfg = RelWithDebInfo|Win32
		{F6C8873A-E7DC-4423-8BB9-5DF6A3FB99DF}.RelWithDebInfo|Win32.Build.0 = RelWithDebInfo|Win32
		{BBC79727-A31A-43C9-8732-9E7F55DA380A}.Debug|Win32.ActiveCfg = Debug|Win32
		{BBC79727-A31A-43C9-8732-9E7F55DA380A}.Debug|Win32.Build.0 = Debug|Win32
		{BBC79727-A31A-43C9-8732-9E7F55DA380A}.Release|Win32.ActiveCfg = Release|Win32
		{BBC79727-A31A-43C9-8732-9E7F55DA380A}.Release|Win32.Build.0 = Release|Win32
		{BBC79727-A31A-43C9-8732-9E7F55DA380A}.MinSizeRel|Win32.ActiveCfg = MinSizeRel|Win32
		{BBC79727-A31A-43C9-8732-9E7F55DA380A}.MinSizeRel|Win32.Build.0 = MinSizeRel|Win32
		{BBC79727-A31A-43C9-8732-9E7F55DA380A}.RelWithDebInfo|Win32.ActiveCfg = RelWithDebInfo|Win32
		{BBC79727-A31A-43C9-8732-9E7F55DA380A}.RelWithDebInfo|Win32.Build.0 = RelWithDebInfo|Win32
		{014E7007-B7DF-4FE8-BE10-286444C50EEB}.Debug|Win32.ActiveCfg = Debug|Win32
		{014E7007-B7DF-4FE8-BE10-286444C50EEB}.Debug|Win32.Build.0 = Debug|Win32
		{014E7007-B7DF-4FE8-BE10-286444C50EEB}.Release|Win32.ActiveCfg = Release|Win32
		{014E7007-B7DF-4FE8-BE10-286444C50EEB}.Release|Win32.Build.0 = Release|Win32
		{014E7007-B7DF-4FE8-BE10-286444C50EEB}.MinSizeRel|Win32.ActiveCfg = MinSizeRel|Win32
		{014E7007-B7DF-4FE8-BE10-286444C50EEB}.MinSizeRel|Win32.Build.0 = MinSizeRel|Win32
		{014E7007-B7DF-4FE8-BE10-286444C50EEB}.RelWithDebInfo|Win32.ActiveCfg = RelWithDebInfo|Win32
		{014E7007-B7DF-4FE8-BE10-286444C50EEB}.RelWithDebInfo|Win32.Build.0 = RelWithDebInfo|Win32
		{4ECEF58C-A452-4FE2-8E61-2E347A18E0D3}.Debug|Win32.ActiveCfg = Debug|Win32
		{4ECEF58C-A452-4FE2-8E61-2E347A18E0D3}.Debug|Win32.Build.0 = Debug|Win32
		{4ECEF58C-A452-4FE2-8E61-2E347A18E0D3}.Release|Win32.ActiveCfg = Release|Win32
		{4ECEF58C-A452-4FE2-8E61-2E347A18E0D3}.Release|Win32.Build.0 = Release|Win32
		{4ECEF58C-A452-4FE2-8E61-2E347A18E0D3}.MinSizeRel|Win32.ActiveCfg = MinSizeRel|Win32
		{4ECEF58C-A452-4FE2-8E61-2E347A18E0D3}.MinSizeRel|Win32.Build.0 = MinSizeRel|Win32
		{4ECEF58C-A452-4FE2-8E61-2E347A18E0D3}.RelWithDebInfo|Win32.ActiveCfg = RelWithDebInfo|Win32
		{4ECEF58C-A452-4FE2-8E61-2E347A18E0D3}.RelWithDebInfo|Win32.Build.0 = RelWithDebInfo|Win32
		{7C1CBFCF-4ED3-47F0-B747-F08B4184CF21}.Debug|Win32.ActiveCfg = Debug|Win32
		{7C1CBFCF-4ED3-47F0-B747-F08B4184CF21}.Debug|Win32.Build.0 = Debug|Win32
		{7C1CBFCF-4ED3-47F0-B747-F08B4184CF21}.Release|Win32.ActiveCfg = Release|Win32
		{7C1CBFCF-4ED3-47F0-B747-F08B4184CF21}.Release|Win32.Build.0 = Release|Win32
		{7C1CBFCF-4ED3-47F0-B747-F08B4184CF21}.MinSizeRel|Win32.ActiveCfg = MinSizeRel|Win32
		{7C1CBFCF-4ED3-47F0-B747-F08B4184CF21}.MinSizeRel|Win32.Build.0 = MinSizeRel|Win32
		{7C1CBFCF-4ED3-47F0-B747-F08B4184CF21}.RelWithDebInfo|Win32.ActiveCfg = RelWithDebInfo|Win32
		{7C1CBFCF-4ED3-47F0-B747-F08B4184CF21}.RelWithDebInfo|Win32.Build.0 = RelWithDebInfo|Win32
		{94677CCE-B685-4DC1-8723-6755C4E4D10D}.Debug|Win32.ActiveCfg = Debug|Win32
		{94677CCE-B685-4DC1-8723-6755C4E4D10D}.Debug|Win32.Build.0 = Debug|Win32
		{94677CCE-B685-4DC1-8723-6755C4E4D10D}.Release|Win32.ActiveCfg = Release|Win32
		{94677CCE-B685-4DC1-8723-6755C4E4D10D}.Release|Win32.Build.0 = Release|Win32
		{94677CCE-B685-4DC1-8723-6755C4E4D10D}.MinSizeRel|Win32.ActiveCfg = MinSizeRel|Win32
		{94677CCE-B685-4DC1-8723-6755C4E4D10D}.MinSizeRel|Win32.Build.0 = MinSizeRel|Win32
		{94677CCE-B685-4DC1-8723-6755C4E4D10D}.RelWithDebInfo|Win32.ActiveCfg = RelWithDebInfo|Win32
		{94677CCE-B685-4DC1-8723-6755C4E4D10D}.RelWithDebInfo|Win32.Build.0 = RelWithDebInfo|Win32
		{AD9F30E5-CF57-4E1A-938F-3FBFABD1398C}.Debug|Win32.ActiveCfg = Debug|Win32
		{AD9F30E5-CF57-4E1A-938F-3FBFABD1398C}.Debug|Win32.Build.0 = Debug|Win32
		{AD9F30E5-CF57-4E1A-938F-3FBFABD1398C}.Release|Win32.ActiveCfg = Release|Win32
		{AD9F30E5-CF57-4E1A-938F-3FBFABD1398C}.Release|Win32.Build.0 = Release|Win32
		{AD9F30E5-CF57-4E1A-938F-3FBFABD1398C}.MinSizeRel|Win32.ActiveCfg = MinSizeRel|Win32
		{AD9F30E5-CF57-4E1A-938F-3FBFABD1398C}.MinSizeRel|Win32.Build.0 = MinSizeRel|Win32
		{AD9F30E5-CF57-4E1A-938F-3FBFABD1398C}.RelWithDebInfo|Win32.ActiveCfg = RelWithDebInfo|Win32
		{AD9F30E5-CF57-4E1A-938F-3FBFABD1398C}.RelWithDebInfo|Win32.Build.0 = RelWithDebInfo|Win32
		{7C6C801A-73B1-404E-8A18-7F908560B9B9}.Debug|Win32.ActiveCfg = Debug|Win32
		{7C6C801A-73B1-404E-8A18-7F908560B9B9}.Debug|Win32.Build.0 = Debug|Win32
		{7C6C801A-73B1-404E-8A18-7F908560B9B9}.Release|Win32.ActiveCfg = Release|Win32
		{7C6C801A-73B1-404E-8A18-7F908560B9B9}.Release|Win32.Build.0 = Release|Win32
		{7C6C801A-73B1-404E-8A18-7F908560B9B9}.MinSizeRel|Win32.ActiveCfg = MinSizeRel|Win32
		{7C6C801A-73B1-404E-8A18-7F908560B9B9}.MinSizeRel|Win32.Build.0 = MinSizeRel|Win32
		{7C6C801A-73B1-404E-8A18-7F908560B9B9}.RelWithDebInfo|Win32.ActiveCfg = RelWithDebInfo|Win32
		{7C6C801A-73B1-404E-8A18-7F908560B9B9}.RelWithDebInfo|Win32.Build.0 = RelWithDebInfo|Win32
		{DCDC534C-0E35-42CE-B6F1-8DF46B4FA63A}.Debug|Win32.ActiveCfg = Debug|Win32
		{DCDC534C-0E35-42CE-B6F1-8DF46B4FA63A}.Debug|Win32.Build.0 = Debug|Win32
		{DCDC534C-0E35-42CE-B6F1-8DF46B4FA63A}.Release|Win32.ActiveCfg = Release|Win32
		{DCDC534C-0E35-42CE-B6F1-8DF46B4FA63A}.Release|Win32.Build.0 = Release|Win32
		{DCDC534C-0E35-42CE-B6F1-8DF46B4FA63A}.MinSizeRel|Win32.ActiveCfg = MinSizeRel|Win32
		{DCDC534C-0E35-42CE-B6F1-8DF46B4FA63A}.MinSizeRel|Win32.Build.0 = MinSizeRel|Win32
		{DCDC534C-0E35-42CE-B6F1-8DF46B4FA63A}.RelWithDebInfo|Win32.ActiveCfg = RelWithDebInfo|Win32
		{DCDC534C-0E35-42CE-B6F1-8DF46B4FA63A}.RelWithDebInfo|Win32.Build.0 = RelWithDebInfo|Win32
		{AD032A62-D377-4C9F-B7B6-ED49ACCA2CA1}.Debug|Win32.ActiveCfg = Debug|Win32
		{AD032A62-D377-4C9F-B7B6-ED49ACCA2CA1}.Debug|Win32.Build.0 = Debug|Win32
		{AD032A62-D377-4C9F-B7B6-ED49ACCA2CA1}.Release|Win32.ActiveCfg = Release|Win32
		{AD032A62-D377-4C9F-B7B6-ED49ACCA2CA1}.Release|Win32.Build.0 = Release|Win32
		{AD032A62-D377-4C9F-B7B6-ED49ACCA2CA1}.MinSizeRel|Win32.ActiveCfg = MinSizeRel|Win32
		{AD032A62-D377-4C9F-B7B6-ED49ACCA2CA1}.MinSizeRel|Win32.Build.0 = MinSizeRel|Win32
		{AD032A62-D377-4C9F-B7B6-ED49ACCA2CA1}.RelWithDebInfo|Win32.ActiveCfg = RelWithDebInfo|Win32
		{AD032A62-D377-4C9F-B7B6-ED49ACCA2CA1}.RelWithDebInfo|Win32.Build.0 = RelWithDebInfo|Win32
		{21BA506D-C77F-4262-8D0E-77F93424943C}.Debug|Win32.ActiveCfg = Debug|Win32
		{21BA506D-C77F-4262-8D0E-77F93424943C}.Debug|Win32.Build.0 = Debug|Win32
		{21BA506D-C77F-4262-8D0E-77F93424943C}.Release|Win32.ActiveCfg = Release|Win32
		{21BA506D-C77F-4262-8D0E-77F93424943C}.Release|Win32.Build.0 = Release|Win32
		{21BA506D-C77F-4262-8D0E-77F93424943C}.MinSizeRel|Win32.ActiveCfg = MinSizeRel|Win32
		{21BA506D-C77F-4262-8D0E-77F93424943C}.MinSizeRel|Win32.Build.0 = MinSizeRel|Win32
		{21BA506D-C77F-4262-8D0E-77F93424943C}.RelWithDebInfo|Win32.ActiveCfg = RelWithDebInfo|Win32
		{21BA506D-C77F-4262-8D0E-77F93424943C}.RelWithDebInfo|Win32.Build.0 = RelWithDebInfo|Win32
		{F6A54DF0-F909-414F-95F8-28A52E4D1D44}.Debug|Win32.ActiveCfg = Debug|Win32
		{F6A54DF0-F909-414F-95F8-28A52E4D1D44}.Debug|Win32.Build.0 = Debug|Win32
		{F6A54DF0-F909-414F-95F8-28A52E4D1D44}.Release|Win32.ActiveCfg = Release|Win32
		{F6A54DF0-F909-414F-95F8-28A52E4D1D44}.Release|Win32.Build.0 = Release|Win32
		{F6A54DF0-F909-414F-95F8-28A52E4D1D44}.MinSizeRel|Win32.ActiveCfg = MinSizeRel|Win32
		{F6A54DF0-F909-414F-95F8-28A52E4D1D44}.MinSizeRel|Win32.Build.0 = MinSizeRel|Win32
		{F6A54DF0-F909-414F-95F8-28A52E4D1D44}.RelWithDebInfo|Win32.ActiveCfg = RelWithDebInfo|Win32
		{F6A54DF0-F909-414F-95F8-28A52E4D1D44}.RelWithDebInfo|Win32.Build.0 = RelWithDebInfo|Win32
		{9E37E646-6C30-4FE0-8D9A-4AB7125B8A27}.Debug|Win32.ActiveCfg = Debug|Win32
		{9E37E646-6C30-4FE0-8D9A-4AB7125B8A27}.Debug|Win32.Build.0 = Debug|Win32
		{9E37E646-6C30-4FE0-8D9A-4AB7125B8A27}.Release|Win32.ActiveCfg = Release|Win32
		{9E37E646-6C30-4FE0-8D9A-4AB7125B8A27}.Release|Win32.Build.0 = Release|Win32
		{9E37E646-6C30-4FE0-8D9A-4AB7125B8A27}.MinSizeRel|Win32.ActiveCfg = MinSizeRel|Win32
		{9E37E646-6C30-4FE0-8D9A-4AB7125B8A27}.MinSizeRel|Win32.Build.0 = MinSizeRel|Win32
		{9E37E646-6C30-4FE0-8D9A-4AB7125B8A27}.RelWithDebInfo|Win32.ActiveCfg = RelWithDebInfo|Win32
		{9E37E646-6C30-4FE0-8D9A-4AB7125B8A27}.RelWithDebInfo|Win32.Build.0 = RelWithDebInfo|Win32
		{ABEFD3AC-A27F-4509-8B10-D257DC7B55A9}.Debug|Win32.ActiveCfg = Debug|Win32
		{ABEFD3AC-A27F-4509-8B10-D257DC7B55A9}.Debug|Win32.Build.0 = Debug|Win32
		{ABEFD3AC-A27F-4509-8B10-D257DC7B55A9}.Release|Win32.ActiveCfg = Release|Win32
		{ABEFD3AC-A27F-4509-8B10-D257DC7B55A9}.Release|Win32.Build.0 = Release|Win32
		{ABEFD3AC-A27F-4509-8B10-D257DC7B55A9}.MinSizeRel|Win32.ActiveCfg = MinSizeRel|Win32
		{ABEFD3AC-A27F-4509-8B10-D257DC7B55A9}.MinSizeRel|Win32.Build.0 = MinSizeRel|Win32
		{ABEFD3AC-A27F-4509-8B10-D257DC7B55A9}.RelWithDebInfo|Win32.ActiveCfg = RelWithDebInfo|Win32
		{ABEFD3AC-A27F-4509-8B10-D257DC7B55A9}.RelWithDebInfo|Win32.Build.0 = RelWithDebInfo|Win32
		{96DD06C0-E295-45DE-BD2C-2D5C18572845}.Debug|Win32.ActiveCfg = Debug|Win32
		{96DD06C0-E295-45DE-BD2C-2D5C18572845}.Debug|Win32.Build.0 = Debug|Win32
		{96DD06C0-E295-45DE-BD2C-2D5C18572845}.Release|Win32.ActiveCfg = Release|Win32
		{96DD06C0-E295-45DE-BD2C-2D5C18572845}.Release|Win32.Build.0 = Release|Win32
		{96DD06C0-E295-45DE-BD2C-2D5C18572845}.MinSizeRel|Win32.ActiveCfg = MinSizeRel|Win32
		{96DD06C0-E295-45DE-BD2C-2D5C18572845}.MinSizeRel|Win32.Build.0 = MinSizeRel|Win32
		{96DD06C0-E295-45DE-BD2C-2D5C18572845}.RelWithDebInfo|Win32.ActiveCfg = RelWithDebInfo|Win32
		{96DD06C0-E295-45DE-BD2C-2D5C18572845}.RelWithDebInfo|Win32.Build.0 = RelWithDebInfo|Win32
		{7237FB63-C749-4CD2-B071-45D89A070040}.Debug|Win32.ActiveCfg = Debug|Win32
		{7237FB63-C749-4CD2-B071-45D89A070040}.Debug|Win32.Build.0 = Debug|Win32
		{7237FB63-C749-4CD2-B071-45D89A070040}.Release|Win32.ActiveCfg = Release|Win32
		{7237FB63-C749-4CD2-B071-45D89A070040}.Release|Win32.Build.0 = Release|Win32
		{7237FB63-C749-4CD2-B071-45D89A070040}.MinSizeRel|Win32.ActiveCfg = MinSizeRel|Win32
		{7237FB63-C749-4CD2-B071-45D89A070040}.MinSizeRel|Win32.Build.0 = MinSizeRel|Win32
		{7237FB63-C749-4CD2-B071-45D89A070040}.RelWithDebInfo|Win32.ActiveCfg = RelWithDebInfo|Win32
		{7237FB63-C749-4CD2-B071-45D89A070040}.RelWithDebInfo|Win32.Build.0 = RelWithDebInfo|Win32
		{CD0960B3-9D31-44DC-8081-BC90172D7A70}.Debug|Win32.ActiveCfg = Debug|Win32
		{CD0960B3-9D31-44DC-8081-BC90172D7A70}.Debug|Win32.Build.0 = Debug|Win32
		{CD0960B3-9D31-44DC-8081-BC90172D7A70}.Release|Win32.ActiveCfg = Release|Win32
		{CD0960B3-9D31-44DC-8081-BC90172D7A70}.Release|Win32.Build.0 = Release|Win32
		{CD0960B3-9D31-44DC-8081-BC90172D7A70}.MinSizeRel|Win32.ActiveCfg = MinSizeRel|Win32
		{CD0960B3-9D31-44DC-8081-BC90172D7A70}.MinSizeRel|Win32.Build.0 = MinSizeRel|Win32
		{CD0960B3-9D31-44DC-8081-BC90172D7A70}.RelWithDebInfo|Win32.ActiveCfg = RelWithDebInfo|Win32
		{CD0960B3-9D31-44DC-8081-BC90172D7A70}.RelWithDebInfo|Win32.Build.0 = RelWithDebInfo|Win32
	EndGlobalSection
	GlobalSection(ExtensibilityGlobals) = postSolution
	EndGlobalSection
	GlobalSection(ExtensibilityAddIns) = postSolution
	EndGlobalSection
EndGlobal
